// !$*UTF8*$!
{
	archiveVersion = 1;
	classes = {
	};
	objectVersion = 50;
	objects = {

/* Begin PBXBuildFile section */
		749C86FF21F638190038656E /* AppDelegate.swift in Sources */ = {isa = PBXBuildFile; fileRef = 749C86FE21F638190038656E /* AppDelegate.swift */; };
		749C870121F638190038656E /* InitialViewController.swift in Sources */ = {isa = PBXBuildFile; fileRef = 749C870021F638190038656E /* InitialViewController.swift */; };
		749C870421F638190038656E /* Main.storyboard in Resources */ = {isa = PBXBuildFile; fileRef = 749C870221F638190038656E /* Main.storyboard */; };
		749C870621F6381A0038656E /* Assets.xcassets in Resources */ = {isa = PBXBuildFile; fileRef = 749C870521F6381A0038656E /* Assets.xcassets */; };
		749C870921F6381A0038656E /* LaunchScreen.storyboard in Resources */ = {isa = PBXBuildFile; fileRef = 749C870721F6381A0038656E /* LaunchScreen.storyboard */; };
		749C871421F63BA00038656E /* ListTableViewController.swift in Sources */ = {isa = PBXBuildFile; fileRef = 749C871321F63BA00038656E /* ListTableViewController.swift */; };
		C631820321F6EFE700989EE8 /* Parser.swift in Sources */ = {isa = PBXBuildFile; fileRef = C631820221F6EFE600989EE8 /* Parser.swift */; };
		C631820521F708FF00989EE8 /* WriteLockableSynchronizedArray.swift in Sources */ = {isa = PBXBuildFile; fileRef = C631820421F708FF00989EE8 /* WriteLockableSynchronizedArray.swift */; };
		C631820721F8609700989EE8 /* Logger.swift in Sources */ = {isa = PBXBuildFile; fileRef = C631820621F8609700989EE8 /* Logger.swift */; };
/* End PBXBuildFile section */

/* Begin PBXFileReference section */
		749C86FB21F638190038656E /* BigFileReader.app */ = {isa = PBXFileReference; explicitFileType = wrapper.application; includeInIndex = 0; path = BigFileReader.app; sourceTree = BUILT_PRODUCTS_DIR; };
		749C86FE21F638190038656E /* AppDelegate.swift */ = {isa = PBXFileReference; lastKnownFileType = sourcecode.swift; path = AppDelegate.swift; sourceTree = "<group>"; };
		749C870021F638190038656E /* InitialViewController.swift */ = {isa = PBXFileReference; lastKnownFileType = sourcecode.swift; path = InitialViewController.swift; sourceTree = "<group>"; };
		749C870321F638190038656E /* Base */ = {isa = PBXFileReference; lastKnownFileType = file.storyboard; name = Base; path = Base.lproj/Main.storyboard; sourceTree = "<group>"; };
		749C870521F6381A0038656E /* Assets.xcassets */ = {isa = PBXFileReference; lastKnownFileType = folder.assetcatalog; path = Assets.xcassets; sourceTree = "<group>"; };
		749C870821F6381A0038656E /* Base */ = {isa = PBXFileReference; lastKnownFileType = file.storyboard; name = Base; path = Base.lproj/LaunchScreen.storyboard; sourceTree = "<group>"; };
		749C870A21F6381A0038656E /* Info.plist */ = {isa = PBXFileReference; lastKnownFileType = text.plist.xml; path = Info.plist; sourceTree = "<group>"; };
		749C871321F63BA00038656E /* ListTableViewController.swift */ = {isa = PBXFileReference; lastKnownFileType = sourcecode.swift; path = ListTableViewController.swift; sourceTree = "<group>"; };
		C631820221F6EFE600989EE8 /* Parser.swift */ = {isa = PBXFileReference; lastKnownFileType = sourcecode.swift; path = Parser.swift; sourceTree = "<group>"; };
		C631820421F708FF00989EE8 /* WriteLockableSynchronizedArray.swift */ = {isa = PBXFileReference; lastKnownFileType = sourcecode.swift; path = WriteLockableSynchronizedArray.swift; sourceTree = "<group>"; };
		C631820621F8609700989EE8 /* Logger.swift */ = {isa = PBXFileReference; lastKnownFileType = sourcecode.swift; path = Logger.swift; sourceTree = "<group>"; };
/* End PBXFileReference section */

/* Begin PBXFrameworksBuildPhase section */
		749C86F821F638190038656E /* Frameworks */ = {
			isa = PBXFrameworksBuildPhase;
			buildActionMask = 2147483647;
			files = (
			);
			runOnlyForDeploymentPostprocessing = 0;
		};
/* End PBXFrameworksBuildPhase section */

/* Begin PBXGroup section */
		749C86F221F638190038656E = {
			isa = PBXGroup;
			children = (
				749C86FD21F638190038656E /* BigFileReader */,
				749C86FC21F638190038656E /* Products */,
			);
			sourceTree = "<group>";
		};
		749C86FC21F638190038656E /* Products */ = {
			isa = PBXGroup;
			children = (
				749C86FB21F638190038656E /* BigFileReader.app */,
			);
			name = Products;
			sourceTree = "<group>";
		};
		749C86FD21F638190038656E /* BigFileReader */ = {
			isa = PBXGroup;
			children = (
				749C871521F63BBB0038656E /* Classes */,
				749C871021F63B490038656E /* Modules */,
				749C86FE21F638190038656E /* AppDelegate.swift */,
				749C870221F638190038656E /* Main.storyboard */,
				749C870521F6381A0038656E /* Assets.xcassets */,
				749C870721F6381A0038656E /* LaunchScreen.storyboard */,
				749C870A21F6381A0038656E /* Info.plist */,
			);
			path = BigFileReader;
			sourceTree = "<group>";
		};
		749C871021F63B490038656E /* Modules */ = {
			isa = PBXGroup;
			children = (
				749C871221F63B870038656E /* List */,
				749C871121F63B6C0038656E /* Inittial */,
			);
			path = Modules;
			sourceTree = "<group>";
		};
		749C871121F63B6C0038656E /* Inittial */ = {
			isa = PBXGroup;
			children = (
				749C870021F638190038656E /* InitialViewController.swift */,
			);
			path = Inittial;
			sourceTree = "<group>";
		};
		749C871221F63B870038656E /* List */ = {
			isa = PBXGroup;
			children = (
				749C871321F63BA00038656E /* ListTableViewController.swift */,
			);
			path = List;
			sourceTree = "<group>";
		};
		749C871521F63BBB0038656E /* Classes */ = {
			isa = PBXGroup;
			children = (
				C631820221F6EFE600989EE8 /* Parser.swift */,
				C631820421F708FF00989EE8 /* WriteLockableSynchronizedArray.swift */,
				C631820621F8609700989EE8 /* Logger.swift */,
			);
			path = Classes;
			sourceTree = "<group>";
		};
/* End PBXGroup section */

/* Begin PBXNativeTarget section */
		749C86FA21F638190038656E /* BigFileReader */ = {
			isa = PBXNativeTarget;
			buildConfigurationList = 749C870D21F6381A0038656E /* Build configuration list for PBXNativeTarget "BigFileReader" */;
			buildPhases = (
				749C86F721F638190038656E /* Sources */,
				749C86F821F638190038656E /* Frameworks */,
				749C86F921F638190038656E /* Resources */,
			);
			buildRules = (
			);
			dependencies = (
			);
			name = BigFileReader;
			productName = BigFileReader;
			productReference = 749C86FB21F638190038656E /* BigFileReader.app */;
			productType = "com.apple.product-type.application";
		};
/* End PBXNativeTarget section */

/* Begin PBXProject section */
		749C86F321F638190038656E /* Project object */ = {
			isa = PBXProject;
			attributes = {
				LastSwiftUpdateCheck = 1010;
				LastUpgradeCheck = 1010;
				ORGANIZATIONNAME = "Mikhail Babushkin";
				TargetAttributes = {
					749C86FA21F638190038656E = {
						CreatedOnToolsVersion = 10.1;
					};
				};
			};
			buildConfigurationList = 749C86F621F638190038656E /* Build configuration list for PBXProject "BigFileReader" */;
			compatibilityVersion = "Xcode 9.3";
			developmentRegion = en;
			hasScannedForEncodings = 0;
			knownRegions = (
				en,
				Base,
			);
			mainGroup = 749C86F221F638190038656E;
			productRefGroup = 749C86FC21F638190038656E /* Products */;
			projectDirPath = "";
			projectRoot = "";
			targets = (
				749C86FA21F638190038656E /* BigFileReader */,
			);
		};
/* End PBXProject section */

/* Begin PBXResourcesBuildPhase section */
		749C86F921F638190038656E /* Resources */ = {
			isa = PBXResourcesBuildPhase;
			buildActionMask = 2147483647;
			files = (
				749C870921F6381A0038656E /* LaunchScreen.storyboard in Resources */,
				749C870621F6381A0038656E /* Assets.xcassets in Resources */,
				749C870421F638190038656E /* Main.storyboard in Resources */,
			);
			runOnlyForDeploymentPostprocessing = 0;
		};
/* End PBXResourcesBuildPhase section */

/* Begin PBXSourcesBuildPhase section */
		749C86F721F638190038656E /* Sources */ = {
			isa = PBXSourcesBuildPhase;
			buildActionMask = 2147483647;
			files = (
				749C871421F63BA00038656E /* ListTableViewController.swift in Sources */,
				C631820721F8609700989EE8 /* Logger.swift in Sources */,
				C631820321F6EFE700989EE8 /* Parser.swift in Sources */,
				749C870121F638190038656E /* InitialViewController.swift in Sources */,
				749C86FF21F638190038656E /* AppDelegate.swift in Sources */,
				C631820521F708FF00989EE8 /* WriteLockableSynchronizedArray.swift in Sources */,
			);
			runOnlyForDeploymentPostprocessing = 0;
		};
/* End PBXSourcesBuildPhase section */

/* Begin PBXVariantGroup section */
		749C870221F638190038656E /* Main.storyboard */ = {
			isa = PBXVariantGroup;
			children = (
				749C870321F638190038656E /* Base */,
			);
			name = Main.storyboard;
			sourceTree = "<group>";
		};
		749C870721F6381A0038656E /* LaunchScreen.storyboard */ = {
			isa = PBXVariantGroup;
			children = (
				749C870821F6381A0038656E /* Base */,
			);
			name = LaunchScreen.storyboard;
			sourceTree = "<group>";
		};
/* End PBXVariantGroup section */

/* Begin XCBuildConfiguration section */
		749C870B21F6381A0038656E /* Debug */ = {
			isa = XCBuildConfiguration;
			buildSettings = {
				ALWAYS_SEARCH_USER_PATHS = NO;
				CLANG_ANALYZER_NONNULL = YES;
				CLANG_ANALYZER_NUMBER_OBJECT_CONVERSION = YES_AGGRESSIVE;
				CLANG_CXX_LANGUAGE_STANDARD = "gnu++14";
				CLANG_CXX_LIBRARY = "libc++";
				CLANG_ENABLE_MODULES = YES;
				CLANG_ENABLE_OBJC_ARC = YES;
				CLANG_ENABLE_OBJC_WEAK = YES;
				CLANG_WARN_BLOCK_CAPTURE_AUTORELEASING = YES;
				CLANG_WARN_BOOL_CONVERSION = YES;
				CLANG_WARN_COMMA = YES;
				CLANG_WARN_CONSTANT_CONVERSION = YES;
				CLANG_WARN_DEPRECATED_OBJC_IMPLEMENTATIONS = YES;
				CLANG_WARN_DIRECT_OBJC_ISA_USAGE = YES_ERROR;
				CLANG_WARN_DOCUMENTATION_COMMENTS = YES;
				CLANG_WARN_EMPTY_BODY = YES;
				CLANG_WARN_ENUM_CONVERSION = YES;
				CLANG_WARN_INFINITE_RECURSION = YES;
				CLANG_WARN_INT_CONVERSION = YES;
				CLANG_WARN_NON_LITERAL_NULL_CONVERSION = YES;
				CLANG_WARN_OBJC_IMPLICIT_RETAIN_SELF = YES;
				CLANG_WARN_OBJC_LITERAL_CONVERSION = YES;
				CLANG_WARN_OBJC_ROOT_CLASS = YES_ERROR;
				CLANG_WARN_RANGE_LOOP_ANALYSIS = YES;
				CLANG_WARN_STRICT_PROTOTYPES = YES;
				CLANG_WARN_SUSPICIOUS_MOVE = YES;
				CLANG_WARN_UNGUARDED_AVAILABILITY = YES_AGGRESSIVE;
				CLANG_WARN_UNREACHABLE_CODE = YES;
				CLANG_WARN__DUPLICATE_METHOD_MATCH = YES;
				CODE_SIGN_IDENTITY = "iPhone Developer";
				COPY_PHASE_STRIP = NO;
				DEBUG_INFORMATION_FORMAT = dwarf;
				ENABLE_STRICT_OBJC_MSGSEND = YES;
				ENABLE_TESTABILITY = YES;
				GCC_C_LANGUAGE_STANDARD = gnu11;
				GCC_DYNAMIC_NO_PIC = NO;
				GCC_NO_COMMON_BLOCKS = YES;
				GCC_OPTIMIZATION_LEVEL = 0;
				GCC_PREPROCESSOR_DEFINITIONS = (
					"DEBUG=1",
					"$(inherited)",
				);
				GCC_WARN_64_TO_32_BIT_CONVERSION = YES;
				GCC_WARN_ABOUT_RETURN_TYPE = YES_ERROR;
				GCC_WARN_UNDECLARED_SELECTOR = YES;
				GCC_WARN_UNINITIALIZED_AUTOS = YES_AGGRESSIVE;
				GCC_WARN_UNUSED_FUNCTION = YES;
				GCC_WARN_UNUSED_VARIABLE = YES;
				IPHONEOS_DEPLOYMENT_TARGET = 12.1;
				MTL_ENABLE_DEBUG_INFO = INCLUDE_SOURCE;
				MTL_FAST_MATH = YES;
				ONLY_ACTIVE_ARCH = YES;
				SDKROOT = iphoneos;
				SWIFT_ACTIVE_COMPILATION_CONDITIONS = DEBUG;
				SWIFT_OPTIMIZATION_LEVEL = "-Onone";
			};
			name = Debug;
		};
		749C870C21F6381A0038656E /* Release */ = {
			isa = XCBuildConfiguration;
			buildSettings = {
				ALWAYS_SEARCH_USER_PATHS = NO;
				CLANG_ANALYZER_NONNULL = YES;
				CLANG_ANALYZER_NUMBER_OBJECT_CONVERSION = YES_AGGRESSIVE;
				CLANG_CXX_LANGUAGE_STANDARD = "gnu++14";
				CLANG_CXX_LIBRARY = "libc++";
				CLANG_ENABLE_MODULES = YES;
				CLANG_ENABLE_OBJC_ARC = YES;
				CLANG_ENABLE_OBJC_WEAK = YES;
				CLANG_WARN_BLOCK_CAPTURE_AUTORELEASING = YES;
				CLANG_WARN_BOOL_CONVERSION = YES;
				CLANG_WARN_COMMA = YES;
				CLANG_WARN_CONSTANT_CONVERSION = YES;
				CLANG_WARN_DEPRECATED_OBJC_IMPLEMENTATIONS = YES;
				CLANG_WARN_DIRECT_OBJC_ISA_USAGE = YES_ERROR;
				CLANG_WARN_DOCUMENTATION_COMMENTS = YES;
				CLANG_WARN_EMPTY_BODY = YES;
				CLANG_WARN_ENUM_CONVERSION = YES;
				CLANG_WARN_INFINITE_RECURSION = YES;
				CLANG_WARN_INT_CONVERSION = YES;
				CLANG_WARN_NON_LITERAL_NULL_CONVERSION = YES;
				CLANG_WARN_OBJC_IMPLICIT_RETAIN_SELF = YES;
				CLANG_WARN_OBJC_LITERAL_CONVERSION = YES;
				CLANG_WARN_OBJC_ROOT_CLASS = YES_ERROR;
				CLANG_WARN_RANGE_LOOP_ANALYSIS = YES;
				CLANG_WARN_STRICT_PROTOTYPES = YES;
				CLANG_WARN_SUSPICIOUS_MOVE = YES;
				CLANG_WARN_UNGUARDED_AVAILABILITY = YES_AGGRESSIVE;
				CLANG_WARN_UNREACHABLE_CODE = YES;
				CLANG_WARN__DUPLICATE_METHOD_MATCH = YES;
				CODE_SIGN_IDENTITY = "iPhone Developer";
				COPY_PHASE_STRIP = NO;
				DEBUG_INFORMATION_FORMAT = "dwarf-with-dsym";
				ENABLE_NS_ASSERTIONS = NO;
				ENABLE_STRICT_OBJC_MSGSEND = YES;
				GCC_C_LANGUAGE_STANDARD = gnu11;
				GCC_NO_COMMON_BLOCKS = YES;
				GCC_WARN_64_TO_32_BIT_CONVERSION = YES;
				GCC_WARN_ABOUT_RETURN_TYPE = YES_ERROR;
				GCC_WARN_UNDECLARED_SELECTOR = YES;
				GCC_WARN_UNINITIALIZED_AUTOS = YES_AGGRESSIVE;
				GCC_WARN_UNUSED_FUNCTION = YES;
				GCC_WARN_UNUSED_VARIABLE = YES;
				IPHONEOS_DEPLOYMENT_TARGET = 12.1;
				MTL_ENABLE_DEBUG_INFO = NO;
				MTL_FAST_MATH = YES;
				SDKROOT = iphoneos;
				SWIFT_COMPILATION_MODE = wholemodule;
				SWIFT_OPTIMIZATION_LEVEL = "-O";
				VALIDATE_PRODUCT = YES;
			};
			name = Release;
		};
		749C870E21F6381A0038656E /* Debug */ = {
			isa = XCBuildConfiguration;
			buildSettings = {
				ASSETCATALOG_COMPILER_APPICON_NAME = AppIcon;
				CODE_SIGN_STYLE = Automatic;
				DEVELOPMENT_TEAM = 8VAAW4MW9B;
				INFOPLIST_FILE = BigFileReader/Info.plist;
				IPHONEOS_DEPLOYMENT_TARGET = 9.0;
				LD_RUNPATH_SEARCH_PATHS = (
					"$(inherited)",
					"@executable_path/Frameworks",
				);
				PRODUCT_BUNDLE_IDENTIFIER = MB.BigFileReader;
				PRODUCT_NAME = "$(TARGET_NAME)";
				SWIFT_VERSION = 4.2;
				TARGETED_DEVICE_FAMILY = "1,2";
			};
			name = Debug;
		};
		749C870F21F6381A0038656E /* Release */ = {
			isa = XCBuildConfiguration;
			buildSettings = {
				ASSETCATALOG_COMPILER_APPICON_NAME = AppIcon;
				CODE_SIGN_STYLE = Automatic;
				DEVELOPMENT_TEAM = 8VAAW4MW9B;
				INFOPLIST_FILE = BigFileReader/Info.plist;
				IPHONEOS_DEPLOYMENT_TARGET = 9.0;
				LD_RUNPATH_SEARCH_PATHS = (
					"$(inherited)",
					"@executable_path/Frameworks",
				);
				PRODUCT_BUNDLE_IDENTIFIER = MB.BigFileReader;
				PRODUCT_NAME = "$(TARGET_NAME)";
				SWIFT_VERSION = 4.2;
				TARGETED_DEVICE_FAMILY = "1,2";
			};
			name = Release;
		};
/* End XCBuildConfiguration section */

/* Begin XCConfigurationList section */
		749C86F621F638190038656E /* Build configuration list for PBXProject "BigFileReader" */ = {
			isa = XCConfigurationList;
			buildConfigurations = (
				749C870B21F6381A0038656E /* Debug */,
				749C870C21F6381A0038656E /* Release */,
			);
			defaultConfigurationIsVisible = 0;
			defaultConfigurationName = Release;
		};
		749C870D21F6381A0038656E /* Build configuration list for PBXNativeTarget "BigFileReader" */ = {
			isa = XCConfigurationList;
			buildConfigurations = (
				749C870E21F6381A0038656E /* Debug */,
				749C870F21F6381A0038656E /* Release */,
			);
			defaultConfigurationIsVisible = 0;
			defaultConfigurationName = Release;
		};
/* End XCConfigurationList section */
	};
	rootObject = 749C86F321F638190038656E /* Project object */;
}
